
Microsoft Visual Studio Solution File, Format Version 12.00
# Visual Studio Version 17
VisualStudioVersion = 17.11.35312.102
MinimumVisualStudioVersion = 10.0.40219.1
Project("{FAE04EC0-301F-11D3-BF4B-00C04F79EFBC}") = "POO", "POO\POO.csproj", "{ABEA09E2-D99A-48D8-BB5A-0D31EFBE1770}"
EndProject
Global
	GlobalSection(SolutionConfigurationPlatforms) = preSolution
		Debug|Any CPU = Debug|Any CPU
		Release|Any CPU = Release|Any CPU
	EndGlobalSection
	GlobalSection(ProjectConfigurationPlatforms) = postSolution
		{ABEA09E2-D99A-48D8-BB5A-0D31EFBE1770}.Debug|Any CPU.ActiveCfg = Debug|Any CPU
		{ABEA09E2-D99A-48D8-BB5A-0D31EFBE1770}.Debug|Any CPU.Build.0 = Debug|Any CPU
		{ABEA09E2-D99A-48D8-BB5A-0D31EFBE1770}.Release|Any CPU.ActiveCfg = Release|Any CPU
		{ABEA09E2-D99A-48D8-BB5A-0D31EFBE1770}.Release|Any CPU.Build.0 = Release|Any CPU
	EndGlobalSection
	GlobalSection(SolutionProperties) = preSolution
		HideSolutionNode = FALSE
	EndGlobalSection
	GlobalSection(ExtensibilityGlobals) = postSolution
		SolutionGuid = {E1DC4482-4FC7-4B11-8EDD-DA4547436F52}
	EndGlobalSection
EndGlobal
